
Microsoft Visual Studio Solution File, Format Version 12.00
# Visual Studio Version 17
VisualStudioVersion = 17.3.32811.315
MinimumVisualStudioVersion = 10.0.40219.1
Project("{FAE04EC0-301F-11D3-BF4B-00C04F79EFBC}") = "MVCMovie", "MVCMovie\MVCMovie.csproj", "{A9EF9B6D-096B-4EF3-9E0E-E5EB6751CEA7}"
EndProject
Global
	GlobalSection(SolutionConfigurationPlatforms) = preSolution
		Debug|Any CPU = Debug|Any CPU
		Release|Any CPU = Release|Any CPU
	EndGlobalSection
	GlobalSection(ProjectConfigurationPlatforms) = postSolution
		{A9EF9B6D-096B-4EF3-9E0E-E5EB6751CEA7}.Debug|Any CPU.ActiveCfg = Debug|Any CPU
		{A9EF9B6D-096B-4EF3-9E0E-E5EB6751CEA7}.Debug|Any CPU.Build.0 = Debug|Any CPU
		{A9EF9B6D-096B-4EF3-9E0E-E5EB6751CEA7}.Release|Any CPU.ActiveCfg = Release|Any CPU
		{A9EF9B6D-096B-4EF3-9E0E-E5EB6751CEA7}.Release|Any CPU.Build.0 = Release|Any CPU
	EndGlobalSection
	GlobalSection(SolutionProperties) = preSolution
		HideSolutionNode = FALSE
	EndGlobalSection
	GlobalSection(ExtensibilityGlobals) = postSolution
		SolutionGuid = {76C883A4-513C-4B4E-9DCA-44386B0662CD}
	EndGlobalSection
EndGlobal
